
Microsoft Visual Studio Solution File, Format Version 12.00
# Visual Studio 15
VisualStudioVersion = 15.0.27703.2026
MinimumVisualStudioVersion = 10.0.40219.1
Project("{FAE04EC0-301F-11D3-BF4B-00C04F79EFBC}") = "SimpleFactorySample", "SimpleFactorySample\SimpleFactorySample.csproj", "{1FB40BF4-BEF0-4EC7-B910-16204FA70CC8}"
EndProject
Global
	GlobalSection(SolutionConfigurationPlatforms) = preSolution
		Debug|Any CPU = Debug|Any CPU
		Release|Any CPU = Release|Any CPU
	EndGlobalSection
	GlobalSection(ProjectConfigurationPlatforms) = postSolution
		{1FB40BF4-BEF0-4EC7-B910-16204FA70CC8}.Debug|Any CPU.ActiveCfg = Debug|Any CPU
		{1FB40BF4-BEF0-4EC7-B910-16204FA70CC8}.Debug|Any CPU.Build.0 = Debug|Any CPU
		{1FB40BF4-BEF0-4EC7-B910-16204FA70CC8}.Release|Any CPU.ActiveCfg = Release|Any CPU
		{1FB40BF4-BEF0-4EC7-B910-16204FA70CC8}.Release|Any CPU.Build.0 = Release|Any CPU
	EndGlobalSection
	GlobalSection(SolutionProperties) = preSolution
		HideSolutionNode = FALSE
	EndGlobalSection
	GlobalSection(ExtensibilityGlobals) = postSolution
		SolutionGuid = {493A4ADD-BDB1-4B09-9611-1651BFF055D9}
	EndGlobalSection
EndGlobal
